// !$*UTF8*$!
{
	archiveVersion = 1;
	classes = {
	};
	objectVersion = 46;
	objects = {

/* Begin PBXBuildFile section */
		679F4E6A16D9C17100E91BFF /* UIKit.framework in Frameworks */ = {isa = PBXBuildFile; fileRef = 679F4E6916D9C17100E91BFF /* UIKit.framework */; };
		679F4E6C16D9C17100E91BFF /* Foundation.framework in Frameworks */ = {isa = PBXBuildFile; fileRef = 679F4E6B16D9C17100E91BFF /* Foundation.framework */; };
		679F4E6E16D9C17100E91BFF /* CoreGraphics.framework in Frameworks */ = {isa = PBXBuildFile; fileRef = 679F4E6D16D9C17100E91BFF /* CoreGraphics.framework */; };
		679F4E7416D9C17100E91BFF /* InfoPlist.strings in Resources */ = {isa = PBXBuildFile; fileRef = 679F4E7216D9C17100E91BFF /* InfoPlist.strings */; };
		679F4E7616D9C17100E91BFF /* main.m in Sources */ = {isa = PBXBuildFile; fileRef = 679F4E7516D9C17100E91BFF /* main.m */; };
		679F4E7A16D9C17100E91BFF /* AppDelegate.m in Sources */ = {isa = PBXBuildFile; fileRef = 679F4E7916D9C17100E91BFF /* AppDelegate.m */; };
		679F4E7C16D9C17100E91BFF /* Default.png in Resources */ = {isa = PBXBuildFile; fileRef = 679F4E7B16D9C17100E91BFF /* Default.png */; };
		679F4E7E16D9C17100E91BFF /* Default@2x.png in Resources */ = {isa = PBXBuildFile; fileRef = 679F4E7D16D9C17100E91BFF /* Default@2x.png */; };
		679F4E8016D9C17100E91BFF /* Default-568h@2x.png in Resources */ = {isa = PBXBuildFile; fileRef = 679F4E7F16D9C17100E91BFF /* Default-568h@2x.png */; };
		679F4E8316D9C17100E91BFF /* MainStoryboard.storyboard in Resources */ = {isa = PBXBuildFile; fileRef = 679F4E8116D9C17100E91BFF /* MainStoryboard.storyboard */; };
		679F4E8E16D9C44300E91BFF /* CalculateTableViewController.m in Sources */ = {isa = PBXBuildFile; fileRef = 679F4E8D16D9C44300E91BFF /* CalculateTableViewController.m */; };
		679F4E9116D9C57200E91BFF /* InputTableCell.m in Sources */ = {isa = PBXBuildFile; fileRef = 679F4E9016D9C57200E91BFF /* InputTableCell.m */; };
		CDEDCA1B16FC47CF00262DBC /* InitialViewController.m in Sources */ = {isa = PBXBuildFile; fileRef = CDEDCA1A16FC47CF00262DBC /* InitialViewController.m */; };
		CDEDCA2316FC480900262DBC /* IISideController.m in Sources */ = {isa = PBXBuildFile; fileRef = CDEDCA1E16FC480900262DBC /* IISideController.m */; };
		CDEDCA2416FC480900262DBC /* IIViewDeckController.m in Sources */ = {isa = PBXBuildFile; fileRef = CDEDCA2016FC480900262DBC /* IIViewDeckController.m */; };
		CDEDCA2516FC480900262DBC /* IIWrapController.m in Sources */ = {isa = PBXBuildFile; fileRef = CDEDCA2216FC480900262DBC /* IIWrapController.m */; };
		CDEDCA2816FC48A600262DBC /* OptionsViewController.m in Sources */ = {isa = PBXBuildFile; fileRef = CDEDCA2716FC48A600262DBC /* OptionsViewController.m */; };
		CDEDCA2A16FC48D900262DBC /* QuartzCore.framework in Frameworks */ = {isa = PBXBuildFile; fileRef = CDEDCA2916FC48D900262DBC /* QuartzCore.framework */; };
		CDEDCA2D16FC4C3600262DBC /* JobsViewController.m in Sources */ = {isa = PBXBuildFile; fileRef = CDEDCA2C16FC4C3600262DBC /* JobsViewController.m */; };
		CDEDCA3916FD897200262DBC /* OptionTableCell.m in Sources */ = {isa = PBXBuildFile; fileRef = CDEDCA3816FD897200262DBC /* OptionTableCell.m */; };
		CDEDCA4816FD92B600262DBC /* CheckMarkChecked.png in Resources */ = {isa = PBXBuildFile; fileRef = CDEDCA4416FD92B600262DBC /* CheckMarkChecked.png */; };
		CDEDCA4916FD92B600262DBC /* CheckMarkChecked@2x.png in Resources */ = {isa = PBXBuildFile; fileRef = CDEDCA4516FD92B600262DBC /* CheckMarkChecked@2x.png */; };
		CDEDCA4A16FD92B600262DBC /* CheckMarkUnchecked.png in Resources */ = {isa = PBXBuildFile; fileRef = CDEDCA4616FD92B600262DBC /* CheckMarkUnchecked.png */; };
		CDEDCA4B16FD92B600262DBC /* CheckMarkUnchecked@2x.png in Resources */ = {isa = PBXBuildFile; fileRef = CDEDCA4716FD92B600262DBC /* CheckMarkUnchecked@2x.png */; };
		CDEDCA4E16FE591100262DBC /* DataManager.m in Sources */ = {isa = PBXBuildFile; fileRef = CDEDCA4D16FE591100262DBC /* DataManager.m */; };
		CDEDCA5216FEC17B00262DBC /* Job.m in Sources */ = {isa = PBXBuildFile; fileRef = CDEDCA5116FEC17B00262DBC /* Job.m */; };
		CDEDCA5516FEC59000262DBC /* Option.m in Sources */ = {isa = PBXBuildFile; fileRef = CDEDCA5416FEC59000262DBC /* Option.m */; };
		CDEDCA5816FECC2400262DBC /* JobTableCell.m in Sources */ = {isa = PBXBuildFile; fileRef = CDEDCA5716FECC2400262DBC /* JobTableCell.m */; };
/* End PBXBuildFile section */

/* Begin PBXFileReference section */
		679F4E6616D9C17100E91BFF /* WhatsInMyPocket.app */ = {isa = PBXFileReference; explicitFileType = wrapper.application; includeInIndex = 0; path = WhatsInMyPocket.app; sourceTree = BUILT_PRODUCTS_DIR; };
		679F4E6916D9C17100E91BFF /* UIKit.framework */ = {isa = PBXFileReference; lastKnownFileType = wrapper.framework; name = UIKit.framework; path = System/Library/Frameworks/UIKit.framework; sourceTree = SDKROOT; };
		679F4E6B16D9C17100E91BFF /* Foundation.framework */ = {isa = PBXFileReference; lastKnownFileType = wrapper.framework; name = Foundation.framework; path = System/Library/Frameworks/Foundation.framework; sourceTree = SDKROOT; };
		679F4E6D16D9C17100E91BFF /* CoreGraphics.framework */ = {isa = PBXFileReference; lastKnownFileType = wrapper.framework; name = CoreGraphics.framework; path = System/Library/Frameworks/CoreGraphics.framework; sourceTree = SDKROOT; };
		679F4E7116D9C17100E91BFF /* WhatsInMyPocket-Info.plist */ = {isa = PBXFileReference; lastKnownFileType = text.plist.xml; path = "WhatsInMyPocket-Info.plist"; sourceTree = "<group>"; };
		679F4E7316D9C17100E91BFF /* en */ = {isa = PBXFileReference; lastKnownFileType = text.plist.strings; name = en; path = en.lproj/InfoPlist.strings; sourceTree = "<group>"; };
		679F4E7516D9C17100E91BFF /* main.m */ = {isa = PBXFileReference; lastKnownFileType = sourcecode.c.objc; path = main.m; sourceTree = "<group>"; };
		679F4E7716D9C17100E91BFF /* WhatsInMyPocket-Prefix.pch */ = {isa = PBXFileReference; lastKnownFileType = sourcecode.c.h; path = "WhatsInMyPocket-Prefix.pch"; sourceTree = "<group>"; };
		679F4E7816D9C17100E91BFF /* AppDelegate.h */ = {isa = PBXFileReference; lastKnownFileType = sourcecode.c.h; path = AppDelegate.h; sourceTree = "<group>"; };
		679F4E7916D9C17100E91BFF /* AppDelegate.m */ = {isa = PBXFileReference; lastKnownFileType = sourcecode.c.objc; path = AppDelegate.m; sourceTree = "<group>"; };
		679F4E7B16D9C17100E91BFF /* Default.png */ = {isa = PBXFileReference; lastKnownFileType = image.png; path = Default.png; sourceTree = "<group>"; };
		679F4E7D16D9C17100E91BFF /* Default@2x.png */ = {isa = PBXFileReference; lastKnownFileType = image.png; path = "Default@2x.png"; sourceTree = "<group>"; };
		679F4E7F16D9C17100E91BFF /* Default-568h@2x.png */ = {isa = PBXFileReference; lastKnownFileType = image.png; path = "Default-568h@2x.png"; sourceTree = "<group>"; };
		679F4E8216D9C17100E91BFF /* en */ = {isa = PBXFileReference; lastKnownFileType = file.storyboard; name = en; path = en.lproj/MainStoryboard.storyboard; sourceTree = "<group>"; };
		679F4E8C16D9C44300E91BFF /* CalculateTableViewController.h */ = {isa = PBXFileReference; fileEncoding = 4; lastKnownFileType = sourcecode.c.h; path = CalculateTableViewController.h; sourceTree = "<group>"; };
		679F4E8D16D9C44300E91BFF /* CalculateTableViewController.m */ = {isa = PBXFileReference; fileEncoding = 4; lastKnownFileType = sourcecode.c.objc; path = CalculateTableViewController.m; sourceTree = "<group>"; };
		679F4E8F16D9C57200E91BFF /* InputTableCell.h */ = {isa = PBXFileReference; fileEncoding = 4; lastKnownFileType = sourcecode.c.h; path = InputTableCell.h; sourceTree = "<group>"; };
		679F4E9016D9C57200E91BFF /* InputTableCell.m */ = {isa = PBXFileReference; fileEncoding = 4; lastKnownFileType = sourcecode.c.objc; path = InputTableCell.m; sourceTree = "<group>"; };
		CDEDCA1916FC47CF00262DBC /* InitialViewController.h */ = {isa = PBXFileReference; fileEncoding = 4; lastKnownFileType = sourcecode.c.h; path = InitialViewController.h; sourceTree = "<group>"; };
		CDEDCA1A16FC47CF00262DBC /* InitialViewController.m */ = {isa = PBXFileReference; fileEncoding = 4; lastKnownFileType = sourcecode.c.objc; path = InitialViewController.m; sourceTree = "<group>"; };
		CDEDCA1D16FC480900262DBC /* IISideController.h */ = {isa = PBXFileReference; fileEncoding = 4; lastKnownFileType = sourcecode.c.h; path = IISideController.h; sourceTree = "<group>"; };
		CDEDCA1E16FC480900262DBC /* IISideController.m */ = {isa = PBXFileReference; fileEncoding = 4; lastKnownFileType = sourcecode.c.objc; path = IISideController.m; sourceTree = "<group>"; };
		CDEDCA1F16FC480900262DBC /* IIViewDeckController.h */ = {isa = PBXFileReference; fileEncoding = 4; lastKnownFileType = sourcecode.c.h; path = IIViewDeckController.h; sourceTree = "<group>"; };
		CDEDCA2016FC480900262DBC /* IIViewDeckController.m */ = {isa = PBXFileReference; fileEncoding = 4; lastKnownFileType = sourcecode.c.objc; path = IIViewDeckController.m; sourceTree = "<group>"; };
		CDEDCA2116FC480900262DBC /* IIWrapController.h */ = {isa = PBXFileReference; fileEncoding = 4; lastKnownFileType = sourcecode.c.h; path = IIWrapController.h; sourceTree = "<group>"; };
		CDEDCA2216FC480900262DBC /* IIWrapController.m */ = {isa = PBXFileReference; fileEncoding = 4; lastKnownFileType = sourcecode.c.objc; path = IIWrapController.m; sourceTree = "<group>"; };
		CDEDCA2616FC48A600262DBC /* OptionsViewController.h */ = {isa = PBXFileReference; fileEncoding = 4; lastKnownFileType = sourcecode.c.h; path = OptionsViewController.h; sourceTree = "<group>"; };
		CDEDCA2716FC48A600262DBC /* OptionsViewController.m */ = {isa = PBXFileReference; fileEncoding = 4; lastKnownFileType = sourcecode.c.objc; path = OptionsViewController.m; sourceTree = "<group>"; };
		CDEDCA2916FC48D900262DBC /* QuartzCore.framework */ = {isa = PBXFileReference; lastKnownFileType = wrapper.framework; name = QuartzCore.framework; path = System/Library/Frameworks/QuartzCore.framework; sourceTree = SDKROOT; };
		CDEDCA2B16FC4C3600262DBC /* JobsViewController.h */ = {isa = PBXFileReference; fileEncoding = 4; lastKnownFileType = sourcecode.c.h; path = JobsViewController.h; sourceTree = "<group>"; };
		CDEDCA2C16FC4C3600262DBC /* JobsViewController.m */ = {isa = PBXFileReference; fileEncoding = 4; lastKnownFileType = sourcecode.c.objc; path = JobsViewController.m; sourceTree = "<group>"; };
		CDEDCA3716FD897200262DBC /* OptionTableCell.h */ = {isa = PBXFileReference; fileEncoding = 4; lastKnownFileType = sourcecode.c.h; path = OptionTableCell.h; sourceTree = "<group>"; };
		CDEDCA3816FD897200262DBC /* OptionTableCell.m */ = {isa = PBXFileReference; fileEncoding = 4; lastKnownFileType = sourcecode.c.objc; path = OptionTableCell.m; sourceTree = "<group>"; };
		CDEDCA4416FD92B600262DBC /* CheckMarkChecked.png */ = {isa = PBXFileReference; lastKnownFileType = image.png; path = CheckMarkChecked.png; sourceTree = "<group>"; };
		CDEDCA4516FD92B600262DBC /* CheckMarkChecked@2x.png */ = {isa = PBXFileReference; lastKnownFileType = image.png; path = "CheckMarkChecked@2x.png"; sourceTree = "<group>"; };
		CDEDCA4616FD92B600262DBC /* CheckMarkUnchecked.png */ = {isa = PBXFileReference; lastKnownFileType = image.png; path = CheckMarkUnchecked.png; sourceTree = "<group>"; };
		CDEDCA4716FD92B600262DBC /* CheckMarkUnchecked@2x.png */ = {isa = PBXFileReference; lastKnownFileType = image.png; path = "CheckMarkUnchecked@2x.png"; sourceTree = "<group>"; };
		CDEDCA4C16FE591100262DBC /* DataManager.h */ = {isa = PBXFileReference; fileEncoding = 4; lastKnownFileType = sourcecode.c.h; name = DataManager.h; path = WhatsInMyPocket/DataManager.h; sourceTree = SOURCE_ROOT; };
		CDEDCA4D16FE591100262DBC /* DataManager.m */ = {isa = PBXFileReference; fileEncoding = 4; lastKnownFileType = sourcecode.c.objc; name = DataManager.m; path = WhatsInMyPocket/DataManager.m; sourceTree = SOURCE_ROOT; };
		CDEDCA5016FEC17B00262DBC /* Job.h */ = {isa = PBXFileReference; fileEncoding = 4; lastKnownFileType = sourcecode.c.h; path = Job.h; sourceTree = "<group>"; };
		CDEDCA5116FEC17B00262DBC /* Job.m */ = {isa = PBXFileReference; fileEncoding = 4; lastKnownFileType = sourcecode.c.objc; path = Job.m; sourceTree = "<group>"; };
		CDEDCA5316FEC59000262DBC /* Option.h */ = {isa = PBXFileReference; fileEncoding = 4; lastKnownFileType = sourcecode.c.h; path = Option.h; sourceTree = "<group>"; };
		CDEDCA5416FEC59000262DBC /* Option.m */ = {isa = PBXFileReference; fileEncoding = 4; lastKnownFileType = sourcecode.c.objc; path = Option.m; sourceTree = "<group>"; };
		CDEDCA5616FECC2400262DBC /* JobTableCell.h */ = {isa = PBXFileReference; fileEncoding = 4; lastKnownFileType = sourcecode.c.h; path = JobTableCell.h; sourceTree = "<group>"; };
		CDEDCA5716FECC2400262DBC /* JobTableCell.m */ = {isa = PBXFileReference; fileEncoding = 4; lastKnownFileType = sourcecode.c.objc; path = JobTableCell.m; sourceTree = "<group>"; };
/* End PBXFileReference section */

/* Begin PBXFrameworksBuildPhase section */
		679F4E6316D9C17100E91BFF /* Frameworks */ = {
			isa = PBXFrameworksBuildPhase;
			buildActionMask = 2147483647;
			files = (
				CDEDCA2A16FC48D900262DBC /* QuartzCore.framework in Frameworks */,
				679F4E6A16D9C17100E91BFF /* UIKit.framework in Frameworks */,
				679F4E6C16D9C17100E91BFF /* Foundation.framework in Frameworks */,
				679F4E6E16D9C17100E91BFF /* CoreGraphics.framework in Frameworks */,
			);
			runOnlyForDeploymentPostprocessing = 0;
		};
/* End PBXFrameworksBuildPhase section */

/* Begin PBXGroup section */
		679F4E5D16D9C17000E91BFF = {
			isa = PBXGroup;
			children = (
				679F4E6F16D9C17100E91BFF /* WhatsInMyPocket */,
				679F4E6816D9C17100E91BFF /* Frameworks */,
				679F4E6716D9C17100E91BFF /* Products */,
			);
			sourceTree = "<group>";
		};
		679F4E6716D9C17100E91BFF /* Products */ = {
			isa = PBXGroup;
			children = (
				679F4E6616D9C17100E91BFF /* WhatsInMyPocket.app */,
			);
			name = Products;
			sourceTree = "<group>";
		};
		679F4E6816D9C17100E91BFF /* Frameworks */ = {
			isa = PBXGroup;
			children = (
				CDEDCA2916FC48D900262DBC /* QuartzCore.framework */,
				679F4E6916D9C17100E91BFF /* UIKit.framework */,
				679F4E6B16D9C17100E91BFF /* Foundation.framework */,
				679F4E6D16D9C17100E91BFF /* CoreGraphics.framework */,
			);
			name = Frameworks;
			sourceTree = "<group>";
		};
		679F4E6F16D9C17100E91BFF /* WhatsInMyPocket */ = {
			isa = PBXGroup;
			children = (
				CDEDCA4316FD92B100262DBC /* Assets */,
				CDEDCA1C16FC480900262DBC /* ViewDeck */,
				679F4E7816D9C17100E91BFF /* AppDelegate.h */,
				679F4E7916D9C17100E91BFF /* AppDelegate.m */,
				CDEDCA4C16FE591100262DBC /* DataManager.h */,
				CDEDCA4D16FE591100262DBC /* DataManager.m */,
				679F4E8116D9C17100E91BFF /* MainStoryboard.storyboard */,
				CDEDCA1916FC47CF00262DBC /* InitialViewController.h */,
				CDEDCA1A16FC47CF00262DBC /* InitialViewController.m */,
				CDEDCA4F16FEC16B00262DBC /* Models */,
				CDEDCA3616FD88A000262DBC /* ViewControllers */,
				CDEDCA3516FD888600262DBC /* TableCells */,
				679F4E7016D9C17100E91BFF /* Supporting Files */,
			);
			path = WhatsInMyPocket;
			sourceTree = "<group>";
		};
		679F4E7016D9C17100E91BFF /* Supporting Files */ = {
			isa = PBXGroup;
			children = (
				679F4E7116D9C17100E91BFF /* WhatsInMyPocket-Info.plist */,
				679F4E7216D9C17100E91BFF /* InfoPlist.strings */,
				679F4E7516D9C17100E91BFF /* main.m */,
				679F4E7716D9C17100E91BFF /* WhatsInMyPocket-Prefix.pch */,
				679F4E7B16D9C17100E91BFF /* Default.png */,
				679F4E7D16D9C17100E91BFF /* Default@2x.png */,
				679F4E7F16D9C17100E91BFF /* Default-568h@2x.png */,
			);
			name = "Supporting Files";
			sourceTree = "<group>";
		};
		CDEDCA1C16FC480900262DBC /* ViewDeck */ = {
			isa = PBXGroup;
			children = (
				CDEDCA1D16FC480900262DBC /* IISideController.h */,
				CDEDCA1E16FC480900262DBC /* IISideController.m */,
				CDEDCA1F16FC480900262DBC /* IIViewDeckController.h */,
				CDEDCA2016FC480900262DBC /* IIViewDeckController.m */,
				CDEDCA2116FC480900262DBC /* IIWrapController.h */,
				CDEDCA2216FC480900262DBC /* IIWrapController.m */,
			);
			path = ViewDeck;
			sourceTree = "<group>";
		};
		CDEDCA3516FD888600262DBC /* TableCells */ = {
			isa = PBXGroup;
			children = (
				679F4E8F16D9C57200E91BFF /* InputTableCell.h */,
				679F4E9016D9C57200E91BFF /* InputTableCell.m */,
				CDEDCA3716FD897200262DBC /* OptionTableCell.h */,
				CDEDCA3816FD897200262DBC /* OptionTableCell.m */,
				CDEDCA5616FECC2400262DBC /* JobTableCell.h */,
				CDEDCA5716FECC2400262DBC /* JobTableCell.m */,
			);
			name = TableCells;
			sourceTree = "<group>";
		};
		CDEDCA3616FD88A000262DBC /* ViewControllers */ = {
			isa = PBXGroup;
			children = (
				679F4E8C16D9C44300E91BFF /* CalculateTableViewController.h */,
				679F4E8D16D9C44300E91BFF /* CalculateTableViewController.m */,
				CDEDCA2616FC48A600262DBC /* OptionsViewController.h */,
				CDEDCA2716FC48A600262DBC /* OptionsViewController.m */,
				CDEDCA2B16FC4C3600262DBC /* JobsViewController.h */,
				CDEDCA2C16FC4C3600262DBC /* JobsViewController.m */,
			);
			name = ViewControllers;
			sourceTree = "<group>";
		};
		CDEDCA4316FD92B100262DBC /* Assets */ = {
			isa = PBXGroup;
			children = (
				CDEDCA4416FD92B600262DBC /* CheckMarkChecked.png */,
				CDEDCA4516FD92B600262DBC /* CheckMarkChecked@2x.png */,
				CDEDCA4616FD92B600262DBC /* CheckMarkUnchecked.png */,
				CDEDCA4716FD92B600262DBC /* CheckMarkUnchecked@2x.png */,
			);
			path = Assets;
			sourceTree = "<group>";
		};
		CDEDCA4F16FEC16B00262DBC /* Models */ = {
			isa = PBXGroup;
			children = (
				CDEDCA5016FEC17B00262DBC /* Job.h */,
				CDEDCA5116FEC17B00262DBC /* Job.m */,
				CDEDCA5316FEC59000262DBC /* Option.h */,
				CDEDCA5416FEC59000262DBC /* Option.m */,
			);
			name = Models;
			sourceTree = "<group>";
		};
/* End PBXGroup section */

/* Begin PBXNativeTarget section */
		679F4E6516D9C17100E91BFF /* WhatsInMyPocket */ = {
			isa = PBXNativeTarget;
			buildConfigurationList = 679F4E8916D9C17100E91BFF /* Build configuration list for PBXNativeTarget "WhatsInMyPocket" */;
			buildPhases = (
				679F4E6216D9C17100E91BFF /* Sources */,
				679F4E6316D9C17100E91BFF /* Frameworks */,
				679F4E6416D9C17100E91BFF /* Resources */,
			);
			buildRules = (
			);
			dependencies = (
			);
			name = WhatsInMyPocket;
			productName = WhatsInMyPocket;
			productReference = 679F4E6616D9C17100E91BFF /* WhatsInMyPocket.app */;
			productType = "com.apple.product-type.application";
		};
/* End PBXNativeTarget section */

/* Begin PBXProject section */
		679F4E5E16D9C17000E91BFF /* Project object */ = {
			isa = PBXProject;
			attributes = {
				LastUpgradeCheck = 0460;
				ORGANIZATIONNAME = "sawsan altammar";
			};
			buildConfigurationList = 679F4E6116D9C17000E91BFF /* Build configuration list for PBXProject "WhatsInMyPocket" */;
			compatibilityVersion = "Xcode 3.2";
			developmentRegion = English;
			hasScannedForEncodings = 0;
			knownRegions = (
				en,
			);
			mainGroup = 679F4E5D16D9C17000E91BFF;
			productRefGroup = 679F4E6716D9C17100E91BFF /* Products */;
			projectDirPath = "";
			projectRoot = "";
			targets = (
				679F4E6516D9C17100E91BFF /* WhatsInMyPocket */,
			);
		};
/* End PBXProject section */

/* Begin PBXResourcesBuildPhase section */
		679F4E6416D9C17100E91BFF /* Resources */ = {
			isa = PBXResourcesBuildPhase;
			buildActionMask = 2147483647;
			files = (
				679F4E7416D9C17100E91BFF /* InfoPlist.strings in Resources */,
				679F4E7C16D9C17100E91BFF /* Default.png in Resources */,
				679F4E7E16D9C17100E91BFF /* Default@2x.png in Resources */,
				679F4E8016D9C17100E91BFF /* Default-568h@2x.png in Resources */,
				679F4E8316D9C17100E91BFF /* MainStoryboard.storyboard in Resources */,
				CDEDCA4816FD92B600262DBC /* CheckMarkChecked.png in Resources */,
				CDEDCA4916FD92B600262DBC /* CheckMarkChecked@2x.png in Resources */,
				CDEDCA4A16FD92B600262DBC /* CheckMarkUnchecked.png in Resources */,
				CDEDCA4B16FD92B600262DBC /* CheckMarkUnchecked@2x.png in Resources */,
			);
			runOnlyForDeploymentPostprocessing = 0;
		};
/* End PBXResourcesBuildPhase section */

/* Begin PBXSourcesBuildPhase section */
		679F4E6216D9C17100E91BFF /* Sources */ = {
			isa = PBXSourcesBuildPhase;
			buildActionMask = 2147483647;
			files = (
				679F4E7616D9C17100E91BFF /* main.m in Sources */,
				679F4E7A16D9C17100E91BFF /* AppDelegate.m in Sources */,
				679F4E8E16D9C44300E91BFF /* CalculateTableViewController.m in Sources */,
				679F4E9116D9C57200E91BFF /* InputTableCell.m in Sources */,
				CDEDCA1B16FC47CF00262DBC /* InitialViewController.m in Sources */,
				CDEDCA2316FC480900262DBC /* IISideController.m in Sources */,
				CDEDCA2416FC480900262DBC /* IIViewDeckController.m in Sources */,
				CDEDCA2516FC480900262DBC /* IIWrapController.m in Sources */,
				CDEDCA2816FC48A600262DBC /* OptionsViewController.m in Sources */,
				CDEDCA2D16FC4C3600262DBC /* JobsViewController.m in Sources */,
				CDEDCA3916FD897200262DBC /* OptionTableCell.m in Sources */,
				CDEDCA4E16FE591100262DBC /* DataManager.m in Sources */,
				CDEDCA5216FEC17B00262DBC /* Job.m in Sources */,
				CDEDCA5516FEC59000262DBC /* Option.m in Sources */,
				CDEDCA5816FECC2400262DBC /* JobTableCell.m in Sources */,
			);
			runOnlyForDeploymentPostprocessing = 0;
		};
/* End PBXSourcesBuildPhase section */

/* Begin PBXVariantGroup section */
		679F4E7216D9C17100E91BFF /* InfoPlist.strings */ = {
			isa = PBXVariantGroup;
			children = (
				679F4E7316D9C17100E91BFF /* en */,
			);
			name = InfoPlist.strings;
			sourceTree = "<group>";
		};
		679F4E8116D9C17100E91BFF /* MainStoryboard.storyboard */ = {
			isa = PBXVariantGroup;
			children = (
				679F4E8216D9C17100E91BFF /* en */,
			);
			name = MainStoryboard.storyboard;
			sourceTree = "<group>";
		};
/* End PBXVariantGroup section */

/* Begin XCBuildConfiguration section */
		679F4E8716D9C17100E91BFF /* Debug */ = {
			isa = XCBuildConfiguration;
			buildSettings = {
				ALWAYS_SEARCH_USER_PATHS = NO;
				CLANG_CXX_LANGUAGE_STANDARD = "gnu++0x";
				CLANG_CXX_LIBRARY = "libc++";
				CLANG_ENABLE_OBJC_ARC = YES;
				CLANG_WARN_CONSTANT_CONVERSION = YES;
				CLANG_WARN_EMPTY_BODY = YES;
				CLANG_WARN_ENUM_CONVERSION = YES;
				CLANG_WARN_INT_CONVERSION = YES;
				CLANG_WARN__DUPLICATE_METHOD_MATCH = YES;
				"CODE_SIGN_IDENTITY[sdk=iphoneos*]" = "iPhone Developer";
				COPY_PHASE_STRIP = NO;
				GCC_C_LANGUAGE_STANDARD = gnu99;
				GCC_DYNAMIC_NO_PIC = NO;
				GCC_OPTIMIZATION_LEVEL = 0;
				GCC_PREPROCESSOR_DEFINITIONS = (
					"DEBUG=1",
					"$(inherited)",
				);
				GCC_SYMBOLS_PRIVATE_EXTERN = NO;
				GCC_WARN_ABOUT_RETURN_TYPE = YES;
				GCC_WARN_UNINITIALIZED_AUTOS = YES;
				GCC_WARN_UNUSED_VARIABLE = YES;
				IPHONEOS_DEPLOYMENT_TARGET = 6.1;
				ONLY_ACTIVE_ARCH = YES;
				SDKROOT = iphoneos;
			};
			name = Debug;
		};
		679F4E8816D9C17100E91BFF /* Release */ = {
			isa = XCBuildConfiguration;
			buildSettings = {
				ALWAYS_SEARCH_USER_PATHS = NO;
				CLANG_CXX_LANGUAGE_STANDARD = "gnu++0x";
				CLANG_CXX_LIBRARY = "libc++";
				CLANG_ENABLE_OBJC_ARC = YES;
				CLANG_WARN_CONSTANT_CONVERSION = YES;
				CLANG_WARN_EMPTY_BODY = YES;
				CLANG_WARN_ENUM_CONVERSION = YES;
				CLANG_WARN_INT_CONVERSION = YES;
				CLANG_WARN__DUPLICATE_METHOD_MATCH = YES;
				"CODE_SIGN_IDENTITY[sdk=iphoneos*]" = "iPhone Developer";
				COPY_PHASE_STRIP = YES;
				GCC_C_LANGUAGE_STANDARD = gnu99;
				GCC_WARN_ABOUT_RETURN_TYPE = YES;
				GCC_WARN_UNINITIALIZED_AUTOS = YES;
				GCC_WARN_UNUSED_VARIABLE = YES;
				IPHONEOS_DEPLOYMENT_TARGET = 6.1;
				OTHER_CFLAGS = "-DNS_BLOCK_ASSERTIONS=1";
				SDKROOT = iphoneos;
				VALIDATE_PRODUCT = YES;
			};
			name = Release;
		};
		679F4E8A16D9C17100E91BFF /* Debug */ = {
			isa = XCBuildConfiguration;
			buildSettings = {
				GCC_PRECOMPILE_PREFIX_HEADER = YES;
				GCC_PREFIX_HEADER = "WhatsInMyPocket/WhatsInMyPocket-Prefix.pch";
				INFOPLIST_FILE = "WhatsInMyPocket/WhatsInMyPocket-Info.plist";
				PRODUCT_NAME = "$(TARGET_NAME)";
				WRAPPER_EXTENSION = app;
			};
			name = Debug;
		};
		679F4E8B16D9C17100E91BFF /* Release */ = {
			isa = XCBuildConfiguration;
			buildSettings = {
				GCC_PRECOMPILE_PREFIX_HEADER = YES;
				GCC_PREFIX_HEADER = "WhatsInMyPocket/WhatsInMyPocket-Prefix.pch";
				INFOPLIST_FILE = "WhatsInMyPocket/WhatsInMyPocket-Info.plist";
				PRODUCT_NAME = "$(TARGET_NAME)";
				WRAPPER_EXTENSION = app;
			};
			name = Release;
		};
/* End XCBuildConfiguration section */

/* Begin XCConfigurationList section */
		679F4E6116D9C17000E91BFF /* Build configuration list for PBXProject "WhatsInMyPocket" */ = {
			isa = XCConfigurationList;
			buildConfigurations = (
				679F4E8716D9C17100E91BFF /* Debug */,
				679F4E8816D9C17100E91BFF /* Release */,
			);
			defaultConfigurationIsVisible = 0;
			defaultConfigurationName = Release;
		};
		679F4E8916D9C17100E91BFF /* Build configuration list for PBXNativeTarget "WhatsInMyPocket" */ = {
			isa = XCConfigurationList;
			buildConfigurations = (
				679F4E8A16D9C17100E91BFF /* Debug */,
				679F4E8B16D9C17100E91BFF /* Release */,
			);
			defaultConfigurationIsVisible = 0;
			defaultConfigurationName = Release;
		};
/* End XCConfigurationList section */
	};
	rootObject = 679F4E5E16D9C17000E91BFF /* Project object */;
}
